
Microsoft Visual Studio Solution File, Format Version 12.00
# Visual Studio Version 17
VisualStudioVersion = 17.14.36717.8 d17.14
MinimumVisualStudioVersion = 10.0.40219.1
Project("{FAE04EC0-301F-11D3-BF4B-00C04F79EFBC}") = "personal-finance-manager", "personal-finance-manager.csproj", "{9D3E4534-629B-4310-A90F-B0A4F5D159C0}"
EndProject
Project("{2150E333-8FDC-42A3-9474-1A3956D46DE8}") = "Auth", "Auth", "{02EA681E-C7D8-13C7-8484-4AC65E1B71E8}"
EndProject
Project("{2150E333-8FDC-42A3-9474-1A3956D46DE8}") = "Dashboard", "Dashboard", "{ED95D6DA-0A33-49F2-B20F-98D49FF861D8}"
EndProject
Project("{2150E333-8FDC-42A3-9474-1A3956D46DE8}") = "Expenses", "Expenses", "{4653778A-64F1-4F73-973D-609EF7FDB940}"
EndProject
Project("{2150E333-8FDC-42A3-9474-1A3956D46DE8}") = "Modules", "Modules", "{E91F5582-DF71-4320-9C73-D1584841C32C}"
EndProject
Project("{FAE04EC0-301F-11D3-BF4B-00C04F79EFBC}") = "AuthModule", "..\AuthModule\AuthModule.csproj", "{5951D8AE-D19C-477D-90C7-33340829102E}"
EndProject
Project("{FAE04EC0-301F-11D3-BF4B-00C04F79EFBC}") = "DashboardModule", "..\DashboardModule\DashboardModule.csproj", "{EEFCFEED-35AD-41D5-826F-08F5BFB20AEA}"
EndProject
Project("{FAE04EC0-301F-11D3-BF4B-00C04F79EFBC}") = "ExpensesModule", "..\ExpensesModule\ExpensesModule.csproj", "{AAA04921-12D3-4373-9398-61035FEB8CB1}"
EndProject
Project("{2150E333-8FDC-42A3-9474-1A3956D46DE8}") = "Common", "Common", "{454A3CC8-5A96-4C8E-8924-90FF1B1E5103}"
EndProject
Project("{FAE04EC0-301F-11D3-BF4B-00C04F79EFBC}") = "Common", "..\Common\Common.csproj", "{2C571508-7D42-49FF-8498-57E0174BC433}"
EndProject
Global
	GlobalSection(SolutionConfigurationPlatforms) = preSolution
		Debug|Any CPU = Debug|Any CPU
		Release|Any CPU = Release|Any CPU
	EndGlobalSection
	GlobalSection(ProjectConfigurationPlatforms) = postSolution
		{9D3E4534-629B-4310-A90F-B0A4F5D159C0}.Debug|Any CPU.ActiveCfg = Debug|Any CPU
		{9D3E4534-629B-4310-A90F-B0A4F5D159C0}.Debug|Any CPU.Build.0 = Debug|Any CPU
		{9D3E4534-629B-4310-A90F-B0A4F5D159C0}.Release|Any CPU.ActiveCfg = Release|Any CPU
		{9D3E4534-629B-4310-A90F-B0A4F5D159C0}.Release|Any CPU.Build.0 = Release|Any CPU
		{5951D8AE-D19C-477D-90C7-33340829102E}.Debug|Any CPU.ActiveCfg = Debug|Any CPU
		{5951D8AE-D19C-477D-90C7-33340829102E}.Debug|Any CPU.Build.0 = Debug|Any CPU
		{5951D8AE-D19C-477D-90C7-33340829102E}.Release|Any CPU.ActiveCfg = Release|Any CPU
		{5951D8AE-D19C-477D-90C7-33340829102E}.Release|Any CPU.Build.0 = Release|Any CPU
		{EEFCFEED-35AD-41D5-826F-08F5BFB20AEA}.Debug|Any CPU.ActiveCfg = Debug|Any CPU
		{EEFCFEED-35AD-41D5-826F-08F5BFB20AEA}.Debug|Any CPU.Build.0 = Debug|Any CPU
		{EEFCFEED-35AD-41D5-826F-08F5BFB20AEA}.Release|Any CPU.ActiveCfg = Release|Any CPU
		{EEFCFEED-35AD-41D5-826F-08F5BFB20AEA}.Release|Any CPU.Build.0 = Release|Any CPU
		{AAA04921-12D3-4373-9398-61035FEB8CB1}.Debug|Any CPU.ActiveCfg = Debug|Any CPU
		{AAA04921-12D3-4373-9398-61035FEB8CB1}.Debug|Any CPU.Build.0 = Debug|Any CPU
		{AAA04921-12D3-4373-9398-61035FEB8CB1}.Release|Any CPU.ActiveCfg = Release|Any CPU
		{AAA04921-12D3-4373-9398-61035FEB8CB1}.Release|Any CPU.Build.0 = Release|Any CPU
		{2C571508-7D42-49FF-8498-57E0174BC433}.Debug|Any CPU.ActiveCfg = Debug|Any CPU
		{2C571508-7D42-49FF-8498-57E0174BC433}.Debug|Any CPU.Build.0 = Debug|Any CPU
		{2C571508-7D42-49FF-8498-57E0174BC433}.Release|Any CPU.ActiveCfg = Release|Any CPU
		{2C571508-7D42-49FF-8498-57E0174BC433}.Release|Any CPU.Build.0 = Release|Any CPU
	EndGlobalSection
	GlobalSection(SolutionProperties) = preSolution
		HideSolutionNode = FALSE
	EndGlobalSection
	GlobalSection(NestedProjects) = preSolution
		{02EA681E-C7D8-13C7-8484-4AC65E1B71E8} = {E91F5582-DF71-4320-9C73-D1584841C32C}
		{ED95D6DA-0A33-49F2-B20F-98D49FF861D8} = {E91F5582-DF71-4320-9C73-D1584841C32C}
		{4653778A-64F1-4F73-973D-609EF7FDB940} = {E91F5582-DF71-4320-9C73-D1584841C32C}
		{5951D8AE-D19C-477D-90C7-33340829102E} = {02EA681E-C7D8-13C7-8484-4AC65E1B71E8}
		{EEFCFEED-35AD-41D5-826F-08F5BFB20AEA} = {ED95D6DA-0A33-49F2-B20F-98D49FF861D8}
		{AAA04921-12D3-4373-9398-61035FEB8CB1} = {4653778A-64F1-4F73-973D-609EF7FDB940}
		{2C571508-7D42-49FF-8498-57E0174BC433} = {454A3CC8-5A96-4C8E-8924-90FF1B1E5103}
	EndGlobalSection
	GlobalSection(ExtensibilityGlobals) = postSolution
		SolutionGuid = {F2661628-60FD-4572-902E-33924DD5F883}
	EndGlobalSection
EndGlobal
